lockfileVersion: '9.0'

settings:
  autoInstallPeers: true
  excludeLinksFromLockfile: false

importers:

  .:
    dependencies:
      mime-types:
        specifier: ^3.0.0
        version: 3.0.0

packages:

  mime-db@1.53.0:
    resolution: {integrity: sha512-oHlN/w+3MQ3rba9rqFr6V/ypF10LSkdwUysQL7GkXoTgIWeV+tcXGA852TBxH+gsh8UWoyhR1hKcoMJTuWflpg==}
    engines: {node: '>= 0.6'}

  mime-types@3.0.0:
    resolution: {integrity: sha512-XqoSHeCGjVClAmoGFG3lVFqQFRIrTVw2OH3axRqAcfaw+gHWIfnASS92AV+Rl/mk0MupgZTRHQOjxY6YVnzK5w==}
    engines: {node: '>= 0.6'}

snapshots:

  mime-db@1.53.0: {}

  mime-types@3.0.0:
    dependencies:
      mime-db: 1.53.0
